// !$*UTF8*$!
{
	archiveVersion = 1;
	classes = {
	};
	objectVersion = 46;
	objects = {

/* Begin PBXBuildFile section */
		36194D8313F0A312003D8B1E /* AsyncSocket.m in Sources */ = {isa = PBXBuildFile; fileRef = 36194D8213F0A312003D8B1E /* AsyncSocket.m */; };
		3648C74813EA176800797C3F /* Cocoa.framework in Frameworks */ = {isa = PBXBuildFile; fileRef = 3648C74713EA176800797C3F /* Cocoa.framework */; };
		3648C75213EA176800797C3F /* InfoPlist.strings in Resources */ = {isa = PBXBuildFile; fileRef = 3648C75013EA176800797C3F /* InfoPlist.strings */; };
		3648C75413EA176800797C3F /* main.m in Sources */ = {isa = PBXBuildFile; fileRef = 3648C75313EA176800797C3F /* main.m */; };
		3648C75813EA176800797C3F /* Credits.rtf in Resources */ = {isa = PBXBuildFile; fileRef = 3648C75613EA176800797C3F /* Credits.rtf */; };
		3648C75B13EA176800797C3F /* TNC_ControllerAppDelegate.m in Sources */ = {isa = PBXBuildFile; fileRef = 3648C75A13EA176800797C3F /* TNC_ControllerAppDelegate.m */; };
		3648C75E13EA176800797C3F /* MainMenu.xib in Resources */ = {isa = PBXBuildFile; fileRef = 3648C75C13EA176800797C3F /* MainMenu.xib */; };
		3648C76713EA17D800797C3F /* Telescope.m in Sources */ = {isa = PBXBuildFile; fileRef = 3648C76613EA17D800797C3F /* Telescope.m */; };
		3648C76913EA17F200797C3F /* TelescopeDriver.xib in Resources */ = {isa = PBXBuildFile; fileRef = 3648C76813EA17F200797C3F /* TelescopeDriver.xib */; };
		3648C76B13EA20A000797C3F /* TCP.framework in Frameworks */ = {isa = PBXBuildFile; fileRef = 3648C76A13EA209F00797C3F /* TCP.framework */; };
		3648C76D13EA21F600797C3F /* README in Resources */ = {isa = PBXBuildFile; fileRef = 3648C76C13EA21F500797C3F /* README */; };
		36F931F413EC65D800C7FBC3 /* GeoMath.m in Sources */ = {isa = PBXBuildFile; fileRef = 36F931F113EC65D800C7FBC3 /* GeoMath.m */; };
		36F931F513EC65D800C7FBC3 /* SphericalPoint.m in Sources */ = {isa = PBXBuildFile; fileRef = 36F931F313EC65D800C7FBC3 /* SphericalPoint.m */; };
		36F931FC13EC679C00C7FBC3 /* JSONKit.m in Sources */ = {isa = PBXBuildFile; fileRef = 36F931FB13EC679C00C7FBC3 /* JSONKit.m */; };
/* End PBXBuildFile section */

/* Begin PBXFileReference section */
		36194D8113F0A312003D8B1E /* AsyncSocket.h */ = {isa = PBXFileReference; fileEncoding = 4; lastKnownFileType = sourcecode.c.h; path = AsyncSocket.h; sourceTree = "<group>"; };
		36194D8213F0A312003D8B1E /* AsyncSocket.m */ = {isa = PBXFileReference; fileEncoding = 4; lastKnownFileType = sourcecode.c.objc; path = AsyncSocket.m; sourceTree = "<group>"; };
		36194D8713F0A8F1003D8B1E /* TNC Listener.h */ = {isa = PBXFileReference; fileEncoding = 4; lastKnownFileType = sourcecode.c.h; path = "TNC Listener.h"; sourceTree = "<group>"; };
		3648C74313EA176800797C3F /* TNC Controller.app */ = {isa = PBXFileReference; explicitFileType = wrapper.application; includeInIndex = 0; path = "TNC Controller.app"; sourceTree = BUILT_PRODUCTS_DIR; };
		3648C74713EA176800797C3F /* Cocoa.framework */ = {isa = PBXFileReference; lastKnownFileType = wrapper.framework; name = Cocoa.framework; path = System/Library/Frameworks/Cocoa.framework; sourceTree = SDKROOT; };
		3648C74A13EA176800797C3F /* AppKit.framework */ = {isa = PBXFileReference; lastKnownFileType = wrapper.framework; name = AppKit.framework; path = System/Library/Frameworks/AppKit.framework; sourceTree = SDKROOT; };
		3648C74B13EA176800797C3F /* CoreData.framework */ = {isa = PBXFileReference; lastKnownFileType = wrapper.framework; name = CoreData.framework; path = System/Library/Frameworks/CoreData.framework; sourceTree = SDKROOT; };
		3648C74C13EA176800797C3F /* Foundation.framework */ = {isa = PBXFileReference; lastKnownFileType = wrapper.framework; name = Foundation.framework; path = System/Library/Frameworks/Foundation.framework; sourceTree = SDKROOT; };
		3648C74F13EA176800797C3F /* TNC Controller-Info.plist */ = {isa = PBXFileReference; lastKnownFileType = text.plist.xml; path = "TNC Controller-Info.plist"; sourceTree = "<group>"; };
		3648C75113EA176800797C3F /* en */ = {isa = PBXFileReference; lastKnownFileType = text.plist.strings; name = en; path = en.lproj/InfoPlist.strings; sourceTree = "<group>"; };
		3648C75313EA176800797C3F /* main.m */ = {isa = PBXFileReference; lastKnownFileType = sourcecode.c.objc; path = main.m; sourceTree = "<group>"; };
		3648C75513EA176800797C3F /* TNC Controller-Prefix.pch */ = {isa = PBXFileReference; lastKnownFileType = sourcecode.c.h; path = "TNC Controller-Prefix.pch"; sourceTree = "<group>"; };
		3648C75713EA176800797C3F /* en */ = {isa = PBXFileReference; lastKnownFileType = text.rtf; name = en; path = en.lproj/Credits.rtf; sourceTree = "<group>"; };
		3648C75913EA176800797C3F /* TNC_ControllerAppDelegate.h */ = {isa = PBXFileReference; lastKnownFileType = sourcecode.c.h; path = TNC_ControllerAppDelegate.h; sourceTree = "<group>"; };
		3648C75A13EA176800797C3F /* TNC_ControllerAppDelegate.m */ = {isa = PBXFileReference; lastKnownFileType = sourcecode.c.objc; path = TNC_ControllerAppDelegate.m; sourceTree = "<group>"; };
		3648C75D13EA176800797C3F /* en */ = {isa = PBXFileReference; lastKnownFileType = file.xib; name = en; path = en.lproj/MainMenu.xib; sourceTree = "<group>"; };
		3648C76513EA17D800797C3F /* Telescope.h */ = {isa = PBXFileReference; fileEncoding = 4; lastKnownFileType = sourcecode.c.h; path = Telescope.h; sourceTree = "<group>"; };
		3648C76613EA17D800797C3F /* Telescope.m */ = {isa = PBXFileReference; fileEncoding = 4; lastKnownFileType = sourcecode.c.objc; path = Telescope.m; sourceTree = "<group>"; };
		3648C76813EA17F200797C3F /* TelescopeDriver.xib */ = {isa = PBXFileReference; fileEncoding = 4; lastKnownFileType = file.xib; path = TelescopeDriver.xib; sourceTree = "<group>"; };
		3648C76A13EA209F00797C3F /* TCP.framework */ = {isa = PBXFileReference; lastKnownFileType = wrapper.framework; name = TCP.framework; path = Library/Frameworks/TCP.framework; sourceTree = SDKROOT; };
		3648C76C13EA21F500797C3F /* README */ = {isa = PBXFileReference; fileEncoding = 4; lastKnownFileType = text; path = README; sourceTree = "<group>"; };
		36F931F013EC65D800C7FBC3 /* GeoMath.h */ = {isa = PBXFileReference; fileEncoding = 4; lastKnownFileType = sourcecode.c.h; path = GeoMath.h; sourceTree = "<group>"; };
		36F931F113EC65D800C7FBC3 /* GeoMath.m */ = {isa = PBXFileReference; fileEncoding = 4; lastKnownFileType = sourcecode.c.objc; path = GeoMath.m; sourceTree = "<group>"; };
		36F931F213EC65D800C7FBC3 /* SphericalPoint.h */ = {isa = PBXFileReference; fileEncoding = 4; lastKnownFileType = sourcecode.c.h; path = SphericalPoint.h; sourceTree = "<group>"; };
		36F931F313EC65D800C7FBC3 /* SphericalPoint.m */ = {isa = PBXFileReference; fileEncoding = 4; lastKnownFileType = sourcecode.c.objc; path = SphericalPoint.m; sourceTree = "<group>"; };
		36F931FA13EC679C00C7FBC3 /* JSONKit.h */ = {isa = PBXFileReference; fileEncoding = 4; lastKnownFileType = sourcecode.c.h; path = JSONKit.h; sourceTree = "<group>"; };
		36F931FB13EC679C00C7FBC3 /* JSONKit.m */ = {isa = PBXFileReference; fileEncoding = 4; lastKnownFileType = sourcecode.c.objc; path = JSONKit.m; sourceTree = "<group>"; };
/* End PBXFileReference section */

/* Begin PBXFrameworksBuildPhase section */
		3648C74013EA176800797C3F /* Frameworks */ = {
			isa = PBXFrameworksBuildPhase;
			buildActionMask = 2147483647;
			files = (
				3648C76B13EA20A000797C3F /* TCP.framework in Frameworks */,
				3648C74813EA176800797C3F /* Cocoa.framework in Frameworks */,
			);
			runOnlyForDeploymentPostprocessing = 0;
		};
/* End PBXFrameworksBuildPhase section */

/* Begin PBXGroup section */
		36194D7F13F0A300003D8B1E /* asyncsocket */ = {
			isa = PBXGroup;
			children = (
				36194D8113F0A312003D8B1E /* AsyncSocket.h */,
				36194D8213F0A312003D8B1E /* AsyncSocket.m */,
			);
			name = asyncsocket;
			sourceTree = "<group>";
		};
		3648C73813EA176700797C3F = {
			isa = PBXGroup;
			children = (
				3648C76C13EA21F500797C3F /* README */,
				3648C74D13EA176800797C3F /* TNC Controller */,
				3648C74613EA176800797C3F /* Frameworks */,
				3648C74413EA176800797C3F /* Products */,
			);
			sourceTree = "<group>";
		};
		3648C74413EA176800797C3F /* Products */ = {
			isa = PBXGroup;
			children = (
				3648C74313EA176800797C3F /* TNC Controller.app */,
			);
			name = Products;
			sourceTree = "<group>";
		};
		3648C74613EA176800797C3F /* Frameworks */ = {
			isa = PBXGroup;
			children = (
				3648C76A13EA209F00797C3F /* TCP.framework */,
				3648C74713EA176800797C3F /* Cocoa.framework */,
				3648C74913EA176800797C3F /* Other Frameworks */,
			);
			name = Frameworks;
			sourceTree = "<group>";
		};
		3648C74913EA176800797C3F /* Other Frameworks */ = {
			isa = PBXGroup;
			children = (
				3648C74A13EA176800797C3F /* AppKit.framework */,
				3648C74B13EA176800797C3F /* CoreData.framework */,
				3648C74C13EA176800797C3F /* Foundation.framework */,
			);
			name = "Other Frameworks";
			sourceTree = "<group>";
		};
		3648C74D13EA176800797C3F /* TNC Controller */ = {
			isa = PBXGroup;
			children = (
				36194D8713F0A8F1003D8B1E /* TNC Listener.h */,
				36194D7F13F0A300003D8B1E /* asyncsocket */,
				36F931F613EC673700C7FBC3 /* JSON */,
				36F931EE13EC658E00C7FBC3 /* Math */,
				3648C76413EA17B000797C3F /* TelescopeController */,
				3648C75913EA176800797C3F /* TNC_ControllerAppDelegate.h */,
				3648C75A13EA176800797C3F /* TNC_ControllerAppDelegate.m */,
				3648C75C13EA176800797C3F /* MainMenu.xib */,
				3648C74E13EA176800797C3F /* Supporting Files */,
			);
			path = "TNC Controller";
			sourceTree = "<group>";
		};
		3648C74E13EA176800797C3F /* Supporting Files */ = {
			isa = PBXGroup;
			children = (
				3648C74F13EA176800797C3F /* TNC Controller-Info.plist */,
				3648C75013EA176800797C3F /* InfoPlist.strings */,
				3648C75313EA176800797C3F /* main.m */,
				3648C75513EA176800797C3F /* TNC Controller-Prefix.pch */,
				3648C75613EA176800797C3F /* Credits.rtf */,
			);
			name = "Supporting Files";
			sourceTree = "<group>";
		};
		3648C76413EA17B000797C3F /* TelescopeController */ = {
			isa = PBXGroup;
			children = (
				3648C76513EA17D800797C3F /* Telescope.h */,
				3648C76613EA17D800797C3F /* Telescope.m */,
				3648C76813EA17F200797C3F /* TelescopeDriver.xib */,
			);
			name = TelescopeController;
			sourceTree = "<group>";
		};
		36F931EE13EC658E00C7FBC3 /* Math */ = {
			isa = PBXGroup;
			children = (
				36F931F013EC65D800C7FBC3 /* GeoMath.h */,
				36F931F113EC65D800C7FBC3 /* GeoMath.m */,
				36F931F213EC65D800C7FBC3 /* SphericalPoint.h */,
				36F931F313EC65D800C7FBC3 /* SphericalPoint.m */,
			);
			name = Math;
			sourceTree = "<group>";
		};
		36F931F613EC673700C7FBC3 /* JSON */ = {
			isa = PBXGroup;
			children = (
				36F931FA13EC679C00C7FBC3 /* JSONKit.h */,
				36F931FB13EC679C00C7FBC3 /* JSONKit.m */,
			);
			name = JSON;
			sourceTree = "<group>";
		};
/* End PBXGroup section */

/* Begin PBXNativeTarget section */
		3648C74213EA176800797C3F /* TNC Controller */ = {
			isa = PBXNativeTarget;
			buildConfigurationList = 3648C76113EA176800797C3F /* Build configuration list for PBXNativeTarget "TNC Controller" */;
			buildPhases = (
				3648C73F13EA176800797C3F /* Sources */,
				3648C74013EA176800797C3F /* Frameworks */,
				3648C74113EA176800797C3F /* Resources */,
			);
			buildRules = (
			);
			dependencies = (
			);
			name = "TNC Controller";
			productName = "TNC Controller";
			productReference = 3648C74313EA176800797C3F /* TNC Controller.app */;
			productType = "com.apple.product-type.application";
		};
/* End PBXNativeTarget section */

/* Begin PBXProject section */
		3648C73A13EA176700797C3F /* Project object */ = {
			isa = PBXProject;
			attributes = {
				ORGANIZATIONNAME = "Sheyne Anderson";
			};
			buildConfigurationList = 3648C73D13EA176700797C3F /* Build configuration list for PBXProject "TNC Controller" */;
			compatibilityVersion = "Xcode 3.2";
			developmentRegion = English;
			hasScannedForEncodings = 0;
			knownRegions = (
				en,
			);
			mainGroup = 3648C73813EA176700797C3F;
			productRefGroup = 3648C74413EA176800797C3F /* Products */;
			projectDirPath = "";
			projectRoot = "";
			targets = (
				3648C74213EA176800797C3F /* TNC Controller */,
			);
		};
/* End PBXProject section */

/* Begin PBXResourcesBuildPhase section */
		3648C74113EA176800797C3F /* Resources */ = {
			isa = PBXResourcesBuildPhase;
			buildActionMask = 2147483647;
			files = (
				3648C75213EA176800797C3F /* InfoPlist.strings in Resources */,
				3648C75813EA176800797C3F /* Credits.rtf in Resources */,
				3648C75E13EA176800797C3F /* MainMenu.xib in Resources */,
				3648C76913EA17F200797C3F /* TelescopeDriver.xib in Resources */,
				3648C76D13EA21F600797C3F /* README in Resources */,
			);
			runOnlyForDeploymentPostprocessing = 0;
		};
/* End PBXResourcesBuildPhase section */

/* Begin PBXSourcesBuildPhase section */
		3648C73F13EA176800797C3F /* Sources */ = {
			isa = PBXSourcesBuildPhase;
			buildActionMask = 2147483647;
			files = (
				3648C75413EA176800797C3F /* main.m in Sources */,
				3648C75B13EA176800797C3F /* TNC_ControllerAppDelegate.m in Sources */,
				3648C76713EA17D800797C3F /* Telescope.m in Sources */,
				36F931F413EC65D800C7FBC3 /* GeoMath.m in Sources */,
				36F931F513EC65D800C7FBC3 /* SphericalPoint.m in Sources */,
				36F931FC13EC679C00C7FBC3 /* JSONKit.m in Sources */,
				36194D8313F0A312003D8B1E /* AsyncSocket.m in Sources */,
			);
			runOnlyForDeploymentPostprocessing = 0;
		};
/* End PBXSourcesBuildPhase section */

/* Begin PBXVariantGroup section */
		3648C75013EA176800797C3F /* InfoPlist.strings */ = {
			isa = PBXVariantGroup;
			children = (
				3648C75113EA176800797C3F /* en */,
			);
			name = InfoPlist.strings;
			sourceTree = "<group>";
		};
		3648C75613EA176800797C3F /* Credits.rtf */ = {
			isa = PBXVariantGroup;
			children = (
				3648C75713EA176800797C3F /* en */,
			);
			name = Credits.rtf;
			sourceTree = "<group>";
		};
		3648C75C13EA176800797C3F /* MainMenu.xib */ = {
			isa = PBXVariantGroup;
			children = (
				3648C75D13EA176800797C3F /* en */,
			);
			name = MainMenu.xib;
			sourceTree = "<group>";
		};
/* End PBXVariantGroup section */

/* Begin XCBuildConfiguration section */
		3648C75F13EA176800797C3F /* Debug */ = {
			isa = XCBuildConfiguration;
			buildSettings = {
				ALWAYS_SEARCH_USER_PATHS = NO;
				ARCHS = "$(ARCHS_STANDARD_64_BIT)";
				COPY_PHASE_STRIP = NO;
				GCC_C_LANGUAGE_STANDARD = gnu99;
				GCC_DYNAMIC_NO_PIC = NO;
				GCC_ENABLE_OBJC_EXCEPTIONS = YES;
				GCC_OPTIMIZATION_LEVEL = 0;
				GCC_PREPROCESSOR_DEFINITIONS = (
					"DEBUG=1",
					"$(inherited)",
				);
				GCC_SYMBOLS_PRIVATE_EXTERN = NO;
				GCC_VERSION = com.apple.compilers.llvm.clang.1_0;
				GCC_WARN_64_TO_32_BIT_CONVERSION = YES;
				GCC_WARN_ABOUT_MISSING_PROTOTYPES = YES;
				GCC_WARN_ABOUT_RETURN_TYPE = YES;
				GCC_WARN_UNUSED_VARIABLE = YES;
				MACOSX_DEPLOYMENT_TARGET = 10.7;
				ONLY_ACTIVE_ARCH = YES;
				SDKROOT = macosx;
			};
			name = Debug;
		};
		3648C76013EA176800797C3F /* Release */ = {
			isa = XCBuildConfiguration;
			buildSettings = {
				ALWAYS_SEARCH_USER_PATHS = NO;
				ARCHS = "$(ARCHS_STANDARD_64_BIT)";
				COPY_PHASE_STRIP = YES;
				DEBUG_INFORMATION_FORMAT = "dwarf-with-dsym";
				GCC_C_LANGUAGE_STANDARD = gnu99;
				GCC_ENABLE_OBJC_EXCEPTIONS = YES;
				GCC_VERSION = com.apple.compilers.llvm.clang.1_0;
				GCC_WARN_64_TO_32_BIT_CONVERSION = YES;
				GCC_WARN_ABOUT_MISSING_PROTOTYPES = YES;
				GCC_WARN_ABOUT_RETURN_TYPE = YES;
				GCC_WARN_UNUSED_VARIABLE = YES;
				MACOSX_DEPLOYMENT_TARGET = 10.7;
				SDKROOT = macosx;
			};
			name = Release;
		};
		3648C76213EA176800797C3F /* Debug */ = {
			isa = XCBuildConfiguration;
			buildSettings = {
				GCC_PRECOMPILE_PREFIX_HEADER = YES;
				GCC_PREFIX_HEADER = "TNC Controller/TNC Controller-Prefix.pch";
				INFOPLIST_FILE = "TNC Controller/TNC Controller-Info.plist";
				PRODUCT_NAME = "$(TARGET_NAME)";
				WRAPPER_EXTENSION = app;
			};
			name = Debug;
		};
		3648C76313EA176800797C3F /* Release */ = {
			isa = XCBuildConfiguration;
			buildSettings = {
				GCC_PRECOMPILE_PREFIX_HEADER = YES;
				GCC_PREFIX_HEADER = "TNC Controller/TNC Controller-Prefix.pch";
				INFOPLIST_FILE = "TNC Controller/TNC Controller-Info.plist";
				PRODUCT_NAME = "$(TARGET_NAME)";
				WRAPPER_EXTENSION = app;
			};
			name = Release;
		};
/* End XCBuildConfiguration section */

/* Begin XCConfigurationList section */
		3648C73D13EA176700797C3F /* Build configuration list for PBXProject "TNC Controller" */ = {
			isa = XCConfigurationList;
			buildConfigurations = (
				3648C75F13EA176800797C3F /* Debug */,
				3648C76013EA176800797C3F /* Release */,
			);
			defaultConfigurationIsVisible = 0;
			defaultConfigurationName = Release;
		};
		3648C76113EA176800797C3F /* Build configuration list for PBXNativeTarget "TNC Controller" */ = {
			isa = XCConfigurationList;
			buildConfigurations = (
				3648C76213EA176800797C3F /* Debug */,
				3648C76313EA176800797C3F /* Release */,
			);
			defaultConfigurationIsVisible = 0;
			defaultConfigurationName = Release;
		};
/* End XCConfigurationList section */
	};
	rootObject = 3648C73A13EA176700797C3F /* Project object */;
}
